// !$*UTF8*$!
{
	archiveVersion = 1;
	classes = {
	};
	objectVersion = 46;
	objects = {

/* Begin PBXBuildFile section */
		410852651C22B3E200860F02 /* Plants.swift in Sources */ = {isa = PBXBuildFile; fileRef = 410852641C22B3E200860F02 /* Plants.swift */; };
		4108526A1C22E17F00860F02 /* LoginViewController.swift in Sources */ = {isa = PBXBuildFile; fileRef = 410852691C22E17F00860F02 /* LoginViewController.swift */; };
		4108526C1C22E39400860F02 /* CustomTextField.swift in Sources */ = {isa = PBXBuildFile; fileRef = 4108526B1C22E39400860F02 /* CustomTextField.swift */; };
		4108526E1C22E3AF00860F02 /* Animation.swift in Sources */ = {isa = PBXBuildFile; fileRef = 4108526D1C22E3AF00860F02 /* Animation.swift */; };
		410852711C22F37C00860F02 /* SigninViewController.swift in Sources */ = {isa = PBXBuildFile; fileRef = 410852701C22F37C00860F02 /* SigninViewController.swift */; };
		410852731C22F45600860F02 /* PasswordForgotViewController.swift in Sources */ = {isa = PBXBuildFile; fileRef = 410852721C22F45600860F02 /* PasswordForgotViewController.swift */; };
		413773201C20ED9500B8F704 /* POService.swift in Sources */ = {isa = PBXBuildFile; fileRef = 4137731F1C20ED9500B8F704 /* POService.swift */; };
		413773221C20EEC900B8F704 /* ApiKeys.plist in Resources */ = {isa = PBXBuildFile; fileRef = 413773211C20EEC900B8F704 /* ApiKeys.plist */; };
		413773241C20EF9C00B8F704 /* ValueForApiKey.swift in Sources */ = {isa = PBXBuildFile; fileRef = 413773231C20EF9C00B8F704 /* ValueForApiKey.swift */; };
		4143846D1C215940005F2CD0 /* Weather.swift in Sources */ = {isa = PBXBuildFile; fileRef = 4143846C1C215940005F2CD0 /* Weather.swift */; };
		414384751C21BCE9005F2CD0 /* AddPlantViewController.swift in Sources */ = {isa = PBXBuildFile; fileRef = 414384741C21BCE9005F2CD0 /* AddPlantViewController.swift */; };
		414384771C21C120005F2CD0 /* AddPlantCollectionViewCell.swift in Sources */ = {isa = PBXBuildFile; fileRef = 414384761C21C120005F2CD0 /* AddPlantCollectionViewCell.swift */; };
		4143847C1C21C722005F2CD0 /* CreatePlantViewController.swift in Sources */ = {isa = PBXBuildFile; fileRef = 4143847B1C21C722005F2CD0 /* CreatePlantViewController.swift */; };
		4143847E1C21DAD2005F2CD0 /* CustomElement.swift in Sources */ = {isa = PBXBuildFile; fileRef = 4143847D1C21DAD2005F2CD0 /* CustomElement.swift */; };
		414384801C220902005F2CD0 /* LocationService.swift in Sources */ = {isa = PBXBuildFile; fileRef = 4143847F1C220902005F2CD0 /* LocationService.swift */; };
		414384821C2226D2005F2CD0 /* AlertView.swift in Sources */ = {isa = PBXBuildFile; fileRef = 414384811C2226D2005F2CD0 /* AlertView.swift */; };
		414384841C222FDA005F2CD0 /* weatherIconFromString.swift in Sources */ = {isa = PBXBuildFile; fileRef = 414384831C222FDA005F2CD0 /* weatherIconFromString.swift */; };
		415ACEE11C1F0326003611B1 /* AppDelegate.swift in Sources */ = {isa = PBXBuildFile; fileRef = 415ACEE01C1F0326003611B1 /* AppDelegate.swift */; };
		415ACEE61C1F0326003611B1 /* Main.storyboard in Resources */ = {isa = PBXBuildFile; fileRef = 415ACEE41C1F0326003611B1 /* Main.storyboard */; };
		415ACEE81C1F0326003611B1 /* Assets.xcassets in Resources */ = {isa = PBXBuildFile; fileRef = 415ACEE71C1F0326003611B1 /* Assets.xcassets */; };
		415ACEEB1C1F0326003611B1 /* LaunchScreen.storyboard in Resources */ = {isa = PBXBuildFile; fileRef = 415ACEE91C1F0326003611B1 /* LaunchScreen.storyboard */; };
		41B3F3B31C1FBB3D0022FA34 /* HomeCollectionViewCell.swift in Sources */ = {isa = PBXBuildFile; fileRef = 41B3F3A51C1FBB3D0022FA34 /* HomeCollectionViewCell.swift */; };
		41B3F3B41C1FBB3D0022FA34 /* NotificationTableViewCell.swift in Sources */ = {isa = PBXBuildFile; fileRef = 41B3F3A71C1FBB3D0022FA34 /* NotificationTableViewCell.swift */; };
		41B3F3B51C1FBB3D0022FA34 /* HomeViewController.swift in Sources */ = {isa = PBXBuildFile; fileRef = 41B3F3AA1C1FBB3D0022FA34 /* HomeViewController.swift */; };
		41B3F3B61C1FBB3D0022FA34 /* NotificationViewController.swift in Sources */ = {isa = PBXBuildFile; fileRef = 41B3F3AB1C1FBB3D0022FA34 /* NotificationViewController.swift */; };
		41B3F3B71C1FBB3D0022FA34 /* StatusViewController.swift in Sources */ = {isa = PBXBuildFile; fileRef = 41B3F3AC1C1FBB3D0022FA34 /* StatusViewController.swift */; };
		41B3F3B81C1FBB3D0022FA34 /* ViewController.swift in Sources */ = {isa = PBXBuildFile; fileRef = 41B3F3AD1C1FBB3D0022FA34 /* ViewController.swift */; };
		41B3F3B91C1FBB3D0022FA34 /* HomeLayout.swift in Sources */ = {isa = PBXBuildFile; fileRef = 41B3F3AF1C1FBB3D0022FA34 /* HomeLayout.swift */; };
		41B3F3BA1C1FBB3D0022FA34 /* NavigationBarIcon.swift in Sources */ = {isa = PBXBuildFile; fileRef = 41B3F3B01C1FBB3D0022FA34 /* NavigationBarIcon.swift */; };
		41B3F3BB1C1FBB3D0022FA34 /* UIColorFromRGBA.swift in Sources */ = {isa = PBXBuildFile; fileRef = 41B3F3B11C1FBB3D0022FA34 /* UIColorFromRGBA.swift */; };
		41BA24601C205BEC00732871 /* ShadowView.swift in Sources */ = {isa = PBXBuildFile; fileRef = 41BA245F1C205BEC00732871 /* ShadowView.swift */; };
		41BA24621C2069FC00732871 /* GameCenterViewController.swift in Sources */ = {isa = PBXBuildFile; fileRef = 41BA24611C2069FC00732871 /* GameCenterViewController.swift */; };
		41BA24681C20B37700732871 /* OnboardingViewController.swift in Sources */ = {isa = PBXBuildFile; fileRef = 41BA24671C20B37700732871 /* OnboardingViewController.swift */; };
		41BA246A1C20B83500732871 /* Gradient.swift in Sources */ = {isa = PBXBuildFile; fileRef = 41BA24691C20B83500732871 /* Gradient.swift */; };
		41BA246E1C20BD1C00732871 /* OnboardingCollectionViewCell.swift in Sources */ = {isa = PBXBuildFile; fileRef = 41BA246D1C20BD1C00732871 /* OnboardingCollectionViewCell.swift */; };
		41BA24701C20BED000732871 /* Onboarding.swift in Sources */ = {isa = PBXBuildFile; fileRef = 41BA246F1C20BED000732871 /* Onboarding.swift */; };
		41BA24721C20E1AA00732871 /* LocalStore.swift in Sources */ = {isa = PBXBuildFile; fileRef = 41BA24711C20E1AA00732871 /* LocalStore.swift */; };
		44787A6BA0E0B7585C6C3DB3 /* Pods_PlantApp.framework in Frameworks */ = {isa = PBXBuildFile; fileRef = AE2A88B0003435CA73064585 /* Pods_PlantApp.framework */; };
/* End PBXBuildFile section */

/* Begin PBXFileReference section */
		410852641C22B3E200860F02 /* Plants.swift */ = {isa = PBXFileReference; fileEncoding = 4; lastKnownFileType = sourcecode.swift; path = Plants.swift; sourceTree = "<group>"; };
		410852691C22E17F00860F02 /* LoginViewController.swift */ = {isa = PBXFileReference; fileEncoding = 4; lastKnownFileType = sourcecode.swift; name = LoginViewController.swift; path = LoginView/LoginViewController.swift; sourceTree = "<group>"; };
		4108526B1C22E39400860F02 /* CustomTextField.swift */ = {isa = PBXFileReference; fileEncoding = 4; lastKnownFileType = sourcecode.swift; path = CustomTextField.swift; sourceTree = "<group>"; };
		4108526D1C22E3AF00860F02 /* Animation.swift */ = {isa = PBXFileReference; fileEncoding = 4; lastKnownFileType = sourcecode.swift; path = Animation.swift; sourceTree = "<group>"; };
		410852701C22F37C00860F02 /* SigninViewController.swift */ = {isa = PBXFileReference; fileEncoding = 4; lastKnownFileType = sourcecode.swift; path = SigninViewController.swift; sourceTree = "<group>"; };
		410852721C22F45600860F02 /* PasswordForgotViewController.swift */ = {isa = PBXFileReference; fileEncoding = 4; lastKnownFileType = sourcecode.swift; path = PasswordForgotViewController.swift; sourceTree = "<group>"; };
		4137731F1C20ED9500B8F704 /* POService.swift */ = {isa = PBXFileReference; fileEncoding = 4; lastKnownFileType = sourcecode.swift; path = POService.swift; sourceTree = "<group>"; };
		413773211C20EEC900B8F704 /* ApiKeys.plist */ = {isa = PBXFileReference; fileEncoding = 4; lastKnownFileType = text.plist.xml; path = ApiKeys.plist; sourceTree = "<group>"; };
		413773231C20EF9C00B8F704 /* ValueForApiKey.swift */ = {isa = PBXFileReference; fileEncoding = 4; lastKnownFileType = sourcecode.swift; path = ValueForApiKey.swift; sourceTree = "<group>"; };
		4143846C1C215940005F2CD0 /* Weather.swift */ = {isa = PBXFileReference; fileEncoding = 4; lastKnownFileType = sourcecode.swift; path = Weather.swift; sourceTree = "<group>"; };
		414384741C21BCE9005F2CD0 /* AddPlantViewController.swift */ = {isa = PBXFileReference; fileEncoding = 4; lastKnownFileType = sourcecode.swift; path = AddPlantViewController.swift; sourceTree = "<group>"; };
		414384761C21C120005F2CD0 /* AddPlantCollectionViewCell.swift */ = {isa = PBXFileReference; fileEncoding = 4; lastKnownFileType = sourcecode.swift; path = AddPlantCollectionViewCell.swift; sourceTree = "<group>"; };
		4143847B1C21C722005F2CD0 /* CreatePlantViewController.swift */ = {isa = PBXFileReference; fileEncoding = 4; lastKnownFileType = sourcecode.swift; path = CreatePlantViewController.swift; sourceTree = "<group>"; };
		4143847D1C21DAD2005F2CD0 /* CustomElement.swift */ = {isa = PBXFileReference; fileEncoding = 4; lastKnownFileType = sourcecode.swift; path = CustomElement.swift; sourceTree = "<group>"; };
		4143847F1C220902005F2CD0 /* LocationService.swift */ = {isa = PBXFileReference; fileEncoding = 4; lastKnownFileType = sourcecode.swift; path = LocationService.swift; sourceTree = "<group>"; };
		414384811C2226D2005F2CD0 /* AlertView.swift */ = {isa = PBXFileReference; fileEncoding = 4; lastKnownFileType = sourcecode.swift; path = AlertView.swift; sourceTree = "<group>"; };
		414384831C222FDA005F2CD0 /* weatherIconFromString.swift */ = {isa = PBXFileReference; fileEncoding = 4; lastKnownFileType = sourcecode.swift; path = weatherIconFromString.swift; sourceTree = "<group>"; };
		414384851C223714005F2CD0 /* PO Fleur.entitlements */ = {isa = PBXFileReference; lastKnownFileType = text.xml; path = "PO Fleur.entitlements"; sourceTree = "<group>"; };
		415ACEDD1C1F0326003611B1 /* PO Fleur.app */ = {isa = PBXFileReference; explicitFileType = wrapper.application; includeInIndex = 0; path = "PO Fleur.app"; sourceTree = BUILT_PRODUCTS_DIR; };
		415ACEE01C1F0326003611B1 /* AppDelegate.swift */ = {isa = PBXFileReference; lastKnownFileType = sourcecode.swift; path = AppDelegate.swift; sourceTree = "<group>"; };
		415ACEE51C1F0326003611B1 /* Base */ = {isa = PBXFileReference; lastKnownFileType = file.storyboard; name = Base; path = Base.lproj/Main.storyboard; sourceTree = "<group>"; };
		415ACEE71C1F0326003611B1 /* Assets.xcassets */ = {isa = PBXFileReference; lastKnownFileType = folder.assetcatalog; path = Assets.xcassets; sourceTree = "<group>"; };
		415ACEEA1C1F0326003611B1 /* Base */ = {isa = PBXFileReference; lastKnownFileType = file.storyboard; name = Base; path = Base.lproj/LaunchScreen.storyboard; sourceTree = "<group>"; };
		415ACEEC1C1F0326003611B1 /* Info.plist */ = {isa = PBXFileReference; lastKnownFileType = text.plist.xml; path = Info.plist; sourceTree = "<group>"; };
		41B3F3A51C1FBB3D0022FA34 /* HomeCollectionViewCell.swift */ = {isa = PBXFileReference; fileEncoding = 4; lastKnownFileType = sourcecode.swift; path = HomeCollectionViewCell.swift; sourceTree = "<group>"; };
		41B3F3A71C1FBB3D0022FA34 /* NotificationTableViewCell.swift */ = {isa = PBXFileReference; fileEncoding = 4; lastKnownFileType = sourcecode.swift; path = NotificationTableViewCell.swift; sourceTree = "<group>"; };
		41B3F3AA1C1FBB3D0022FA34 /* HomeViewController.swift */ = {isa = PBXFileReference; fileEncoding = 4; lastKnownFileType = sourcecode.swift; path = HomeViewController.swift; sourceTree = "<group>"; };
		41B3F3AB1C1FBB3D0022FA34 /* NotificationViewController.swift */ = {isa = PBXFileReference; fileEncoding = 4; lastKnownFileType = sourcecode.swift; path = NotificationViewController.swift; sourceTree = "<group>"; };
		41B3F3AC1C1FBB3D0022FA34 /* StatusViewController.swift */ = {isa = PBXFileReference; fileEncoding = 4; lastKnownFileType = sourcecode.swift; name = StatusViewController.swift; path = ContainerView/StatusViewController.swift; sourceTree = "<group>"; };
		41B3F3AD1C1FBB3D0022FA34 /* ViewController.swift */ = {isa = PBXFileReference; fileEncoding = 4; lastKnownFileType = sourcecode.swift; path = ViewController.swift; sourceTree = "<group>"; };
		41B3F3AF1C1FBB3D0022FA34 /* HomeLayout.swift */ = {isa = PBXFileReference; fileEncoding = 4; lastKnownFileType = sourcecode.swift; path = HomeLayout.swift; sourceTree = "<group>"; };
		41B3F3B01C1FBB3D0022FA34 /* NavigationBarIcon.swift */ = {isa = PBXFileReference; fileEncoding = 4; lastKnownFileType = sourcecode.swift; path = NavigationBarIcon.swift; sourceTree = "<group>"; };
		41B3F3B11C1FBB3D0022FA34 /* UIColorFromRGBA.swift */ = {isa = PBXFileReference; fileEncoding = 4; lastKnownFileType = sourcecode.swift; path = UIColorFromRGBA.swift; sourceTree = "<group>"; };
		41BA245F1C205BEC00732871 /* ShadowView.swift */ = {isa = PBXFileReference; fileEncoding = 4; lastKnownFileType = sourcecode.swift; path = ShadowView.swift; sourceTree = "<group>"; };
		41BA24611C2069FC00732871 /* GameCenterViewController.swift */ = {isa = PBXFileReference; fileEncoding = 4; lastKnownFileType = sourcecode.swift; path = GameCenterViewController.swift; sourceTree = "<group>"; };
		41BA24671C20B37700732871 /* OnboardingViewController.swift */ = {isa = PBXFileReference; fileEncoding = 4; lastKnownFileType = sourcecode.swift; path = OnboardingViewController.swift; sourceTree = "<group>"; };
		41BA24691C20B83500732871 /* Gradient.swift */ = {isa = PBXFileReference; fileEncoding = 4; lastKnownFileType = sourcecode.swift; path = Gradient.swift; sourceTree = "<group>"; };
		41BA246D1C20BD1C00732871 /* OnboardingCollectionViewCell.swift */ = {isa = PBXFileReference; fileEncoding = 4; lastKnownFileType = sourcecode.swift; path = OnboardingCollectionViewCell.swift; sourceTree = "<group>"; };
		41BA246F1C20BED000732871 /* Onboarding.swift */ = {isa = PBXFileReference; fileEncoding = 4; lastKnownFileType = sourcecode.swift; path = Onboarding.swift; sourceTree = "<group>"; };
		41BA24711C20E1AA00732871 /* LocalStore.swift */ = {isa = PBXFileReference; fileEncoding = 4; lastKnownFileType = sourcecode.swift; name = LocalStore.swift; path = ../Helpers/LocalStore.swift; sourceTree = "<group>"; };
		9CBACC4E5908E3F89EA9AF81 /* Pods-PlantApp.release.xcconfig */ = {isa = PBXFileReference; includeInIndex = 1; lastKnownFileType = text.xcconfig; name = "Pods-PlantApp.release.xcconfig"; path = "Pods/Target Support Files/Pods-PlantApp/Pods-PlantApp.release.xcconfig"; sourceTree = "<group>"; };
		AE2A88B0003435CA73064585 /* Pods_PlantApp.framework */ = {isa = PBXFileReference; explicitFileType = wrapper.framework; includeInIndex = 0; path = Pods_PlantApp.framework; sourceTree = BUILT_PRODUCTS_DIR; };
		BF82DD85B6E5378CC48B44E7 /* Pods-PlantApp.debug.xcconfig */ = {isa = PBXFileReference; includeInIndex = 1; lastKnownFileType = text.xcconfig; name = "Pods-PlantApp.debug.xcconfig"; path = "Pods/Target Support Files/Pods-PlantApp/Pods-PlantApp.debug.xcconfig"; sourceTree = "<group>"; };
/* End PBXFileReference section */

/* Begin PBXFrameworksBuildPhase section */
		415ACEDA1C1F0326003611B1 /* Frameworks */ = {
			isa = PBXFrameworksBuildPhase;
			buildActionMask = 2147483647;
			files = (
				44787A6BA0E0B7585C6C3DB3 /* Pods_PlantApp.framework in Frameworks */,
			);
			runOnlyForDeploymentPostprocessing = 0;
		};
/* End PBXFrameworksBuildPhase section */

/* Begin PBXGroup section */
		410852661C22E13100860F02 /* LoginView */ = {
			isa = PBXGroup;
			children = (
				410852691C22E17F00860F02 /* LoginViewController.swift */,
				410852701C22F37C00860F02 /* SigninViewController.swift */,
				410852721C22F45600860F02 /* PasswordForgotViewController.swift */,
			);
			name = LoginView;
			sourceTree = "<group>";
		};
		414384701C21BC6A005F2CD0 /* StatusView */ = {
			isa = PBXGroup;
			children = (
				41B3F3AC1C1FBB3D0022FA34 /* StatusViewController.swift */,
			);
			name = StatusView;
			sourceTree = "<group>";
		};
		414384711C21BCA8005F2CD0 /* AddView */ = {
			isa = PBXGroup;
			children = (
				414384741C21BCE9005F2CD0 /* AddPlantViewController.swift */,
			);
			name = AddView;
			sourceTree = "<group>";
		};
		414384781C21C677005F2CD0 /* CreateView */ = {
			isa = PBXGroup;
			children = (
				4143847B1C21C722005F2CD0 /* CreatePlantViewController.swift */,
			);
			name = CreateView;
			sourceTree = "<group>";
		};
		415ACED41C1F0326003611B1 = {
			isa = PBXGroup;
			children = (
				414384851C223714005F2CD0 /* PO Fleur.entitlements */,
				415ACEDF1C1F0326003611B1 /* PlantApp */,
				415ACEDE1C1F0326003611B1 /* Products */,
				BEC73DCFB57CA4697EE976E0 /* Pods */,
				A8DDD837528C8CDEDFD3F665 /* Frameworks */,
			);
			sourceTree = "<group>";
		};
		415ACEDE1C1F0326003611B1 /* Products */ = {
			isa = PBXGroup;
			children = (
				415ACEDD1C1F0326003611B1 /* PO Fleur.app */,
			);
			name = Products;
			sourceTree = "<group>";
		};
		415ACEDF1C1F0326003611B1 /* PlantApp */ = {
			isa = PBXGroup;
			children = (
				415ACEEC1C1F0326003611B1 /* Info.plist */,
				413773211C20EEC900B8F704 /* ApiKeys.plist */,
				415ACEE01C1F0326003611B1 /* AppDelegate.swift */,
				41B3F3B21C1FBB3D0022FA34 /* Models */,
				415ACEF21C1F0339003611B1 /* Views */,
				41B3F3A81C1FBB3D0022FA34 /* Controllers */,
				41B3F3A31C1FBB3D0022FA34 /* Cell */,
				41B3F3A21C1FBB320022FA34 /* API */,
				41B3F3AE1C1FBB3D0022FA34 /* Helpers */,
				415ACEF41C1F0350003611B1 /* Assets */,
			);
			path = PlantApp;
			sourceTree = "<group>";
		};
		415ACEF21C1F0339003611B1 /* Views */ = {
			isa = PBXGroup;
			children = (
				415ACEE91C1F0326003611B1 /* LaunchScreen.storyboard */,
				415ACEE41C1F0326003611B1 /* Main.storyboard */,
			);
			name = Views;
			sourceTree = "<group>";
		};
		415ACEF41C1F0350003611B1 /* Assets */ = {
			isa = PBXGroup;
			children = (
				415ACEE71C1F0326003611B1 /* Assets.xcassets */,
			);
			name = Assets;
			sourceTree = "<group>";
		};
		41B3F3A21C1FBB320022FA34 /* API */ = {
			isa = PBXGroup;
			children = (
				4137731F1C20ED9500B8F704 /* POService.swift */,
				41BA246F1C20BED000732871 /* Onboarding.swift */,
				41BA24711C20E1AA00732871 /* LocalStore.swift */,
			);
			name = API;
			path = Classes/API;
			sourceTree = "<group>";
		};
		41B3F3A31C1FBB3D0022FA34 /* Cell */ = {
			isa = PBXGroup;
			children = (
				41B3F3A41C1FBB3D0022FA34 /* CollectionViewCell */,
				41B3F3A61C1FBB3D0022FA34 /* TableViewCell */,
			);
			name = Cell;
			path = Classes/Cell;
			sourceTree = "<group>";
		};
		41B3F3A41C1FBB3D0022FA34 /* CollectionViewCell */ = {
			isa = PBXGroup;
			children = (
				41B3F3A51C1FBB3D0022FA34 /* HomeCollectionViewCell.swift */,
				41BA246D1C20BD1C00732871 /* OnboardingCollectionViewCell.swift */,
				414384761C21C120005F2CD0 /* AddPlantCollectionViewCell.swift */,
			);
			path = CollectionViewCell;
			sourceTree = "<group>";
		};
		41B3F3A61C1FBB3D0022FA34 /* TableViewCell */ = {
			isa = PBXGroup;
			children = (
				41B3F3A71C1FBB3D0022FA34 /* NotificationTableViewCell.swift */,
			);
			path = TableViewCell;
			sourceTree = "<group>";
		};
		41B3F3A81C1FBB3D0022FA34 /* Controllers */ = {
			isa = PBXGroup;
			children = (
				41BA24631C20B33A00732871 /* OnboardingView */,
				410852661C22E13100860F02 /* LoginView */,
				41BA24641C20B34700732871 /* HomeView */,
				414384701C21BC6A005F2CD0 /* StatusView */,
				414384711C21BCA8005F2CD0 /* AddView */,
				414384781C21C677005F2CD0 /* CreateView */,
			);
			name = Controllers;
			path = Classes/Controllers;
			sourceTree = "<group>";
		};
		41B3F3A91C1FBB3D0022FA34 /* ContainerView */ = {
			isa = PBXGroup;
			children = (
				41B3F3AA1C1FBB3D0022FA34 /* HomeViewController.swift */,
				41BA24611C2069FC00732871 /* GameCenterViewController.swift */,
				41B3F3AB1C1FBB3D0022FA34 /* NotificationViewController.swift */,
			);
			path = ContainerView;
			sourceTree = "<group>";
		};
		41B3F3AE1C1FBB3D0022FA34 /* Helpers */ = {
			isa = PBXGroup;
			children = (
				41B3F3AF1C1FBB3D0022FA34 /* HomeLayout.swift */,
				413773231C20EF9C00B8F704 /* ValueForApiKey.swift */,
				41B3F3B01C1FBB3D0022FA34 /* NavigationBarIcon.swift */,
				41B3F3B11C1FBB3D0022FA34 /* UIColorFromRGBA.swift */,
				41BA245F1C205BEC00732871 /* ShadowView.swift */,
				41BA24691C20B83500732871 /* Gradient.swift */,
				4143847D1C21DAD2005F2CD0 /* CustomElement.swift */,
				4143847F1C220902005F2CD0 /* LocationService.swift */,
				414384811C2226D2005F2CD0 /* AlertView.swift */,
				414384831C222FDA005F2CD0 /* weatherIconFromString.swift */,
				4108526B1C22E39400860F02 /* CustomTextField.swift */,
				4108526D1C22E3AF00860F02 /* Animation.swift */,
			);
			name = Helpers;
			path = Classes/Helpers;
			sourceTree = "<group>";
		};
		41B3F3B21C1FBB3D0022FA34 /* Models */ = {
			isa = PBXGroup;
			children = (
				4143846C1C215940005F2CD0 /* Weather.swift */,
				410852641C22B3E200860F02 /* Plants.swift */,
			);
			name = Models;
			path = Classes/Models;
			sourceTree = "<group>";
		};
		41BA24631C20B33A00732871 /* OnboardingView */ = {
			isa = PBXGroup;
			children = (
				41BA24671C20B37700732871 /* OnboardingViewController.swift */,
			);
			name = OnboardingView;
			sourceTree = "<group>";
		};
		41BA24641C20B34700732871 /* HomeView */ = {
			isa = PBXGroup;
			children = (
				41B3F3AD1C1FBB3D0022FA34 /* ViewController.swift */,
				41B3F3A91C1FBB3D0022FA34 /* ContainerView */,
			);
			name = HomeView;
			sourceTree = "<group>";
		};
		A8DDD837528C8CDEDFD3F665 /* Frameworks */ = {
			isa = PBXGroup;
			children = (
				AE2A88B0003435CA73064585 /* Pods_PlantApp.framework */,
			);
			name = Frameworks;
			sourceTree = "<group>";
		};
		BEC73DCFB57CA4697EE976E0 /* Pods */ = {
			isa = PBXGroup;
			children = (
				BF82DD85B6E5378CC48B44E7 /* Pods-PlantApp.debug.xcconfig */,
				9CBACC4E5908E3F89EA9AF81 /* Pods-PlantApp.release.xcconfig */,
			);
			name = Pods;
			sourceTree = "<group>";
		};
/* End PBXGroup section */

/* Begin PBXNativeTarget section */
		415ACEDC1C1F0326003611B1 /* PO Fleur */ = {
			isa = PBXNativeTarget;
			buildConfigurationList = 415ACEEF1C1F0326003611B1 /* Build configuration list for PBXNativeTarget "PO Fleur" */;
			buildPhases = (
				DD81805569C253E1587F053A /* Check Pods Manifest.lock */,
				415ACED91C1F0326003611B1 /* Sources */,
				415ACEDA1C1F0326003611B1 /* Frameworks */,
				415ACEDB1C1F0326003611B1 /* Resources */,
				BC447998545C10B5D71FDBDA /* Embed Pods Frameworks */,
				C2B399F33064760674F231B8 /* Copy Pods Resources */,
			);
			buildRules = (
			);
			dependencies = (
			);
			name = "PO Fleur";
			productName = PlantApp;
			productReference = 415ACEDD1C1F0326003611B1 /* PO Fleur.app */;
			productType = "com.apple.product-type.application";
		};
/* End PBXNativeTarget section */

/* Begin PBXProject section */
		415ACED51C1F0326003611B1 /* Project object */ = {
			isa = PBXProject;
			attributes = {
				LastSwiftUpdateCheck = 0720;
				LastUpgradeCheck = 0720;
				ORGANIZATIONNAME = "Ravichandrane Rajendran";
				TargetAttributes = {
					415ACEDC1C1F0326003611B1 = {
						CreatedOnToolsVersion = 7.2;
						DevelopmentTeam = VLSXUWGCDJ;
						SystemCapabilities = {
							com.apple.ApplicationGroups.iOS = {
								enabled = 1;
							};
							com.apple.BackgroundModes = {
								enabled = 1;
							};
							com.apple.Push = {
								enabled = 1;
							};
						};
					};
				};
			};
			buildConfigurationList = 415ACED81C1F0326003611B1 /* Build configuration list for PBXProject "PO Fleur" */;
			compatibilityVersion = "Xcode 3.2";
			developmentRegion = English;
			hasScannedForEncodings = 0;
			knownRegions = (
				en,
				Base,
			);
			mainGroup = 415ACED41C1F0326003611B1;
			productRefGroup = 415ACEDE1C1F0326003611B1 /* Products */;
			projectDirPath = "";
			projectRoot = "";
			targets = (
				415ACEDC1C1F0326003611B1 /* PO Fleur */,
			);
		};
/* End PBXProject section */

/* Begin PBXResourcesBuildPhase section */
		415ACEDB1C1F0326003611B1 /* Resources */ = {
			isa = PBXResourcesBuildPhase;
			buildActionMask = 2147483647;
			files = (
				415ACEEB1C1F0326003611B1 /* LaunchScreen.storyboard in Resources */,
				413773221C20EEC900B8F704 /* ApiKeys.plist in Resources */,
				415ACEE81C1F0326003611B1 /* Assets.xcassets in Resources */,
				415ACEE61C1F0326003611B1 /* Main.storyboard in Resources */,
			);
			runOnlyForDeploymentPostprocessing = 0;
		};
/* End PBXResourcesBuildPhase section */

/* Begin PBXShellScriptBuildPhase section */
		BC447998545C10B5D71FDBDA /* Embed Pods Frameworks */ = {
			isa = PBXShellScriptBuildPhase;
			buildActionMask = 2147483647;
			files = (
			);
			inputPaths = (
			);
			name = "Embed Pods Frameworks";
			outputPaths = (
			);
			runOnlyForDeploymentPostprocessing = 0;
			shellPath = /bin/sh;
			shellScript = "\"${SRCROOT}/Pods/Target Support Files/Pods-PlantApp/Pods-PlantApp-frameworks.sh\"\n";
			showEnvVarsInLog = 0;
		};
		C2B399F33064760674F231B8 /* Copy Pods Resources */ = {
			isa = PBXShellScriptBuildPhase;
			buildActionMask = 2147483647;
			files = (
			);
			inputPaths = (
			);
			name = "Copy Pods Resources";
			outputPaths = (
			);
			runOnlyForDeploymentPostprocessing = 0;
			shellPath = /bin/sh;
			shellScript = "\"${SRCROOT}/Pods/Target Support Files/Pods-PlantApp/Pods-PlantApp-resources.sh\"\n";
			showEnvVarsInLog = 0;
		};
		DD81805569C253E1587F053A /* Check Pods Manifest.lock */ = {
			isa = PBXShellScriptBuildPhase;
			buildActionMask = 2147483647;
			files = (
			);
			inputPaths = (
			);
			name = "Check Pods Manifest.lock";
			outputPaths = (
			);
			runOnlyForDeploymentPostprocessing = 0;
			shellPath = /bin/sh;
			shellScript = "diff \"${PODS_ROOT}/../Podfile.lock\" \"${PODS_ROOT}/Manifest.lock\" > /dev/null\nif [[ $? != 0 ]] ; then\n    cat << EOM\nerror: The sandbox is not in sync with the Podfile.lock. Run 'pod install' or update your CocoaPods installation.\nEOM\n    exit 1\nfi\n";
			showEnvVarsInLog = 0;
		};
/* End PBXShellScriptBuildPhase section */

/* Begin PBXSourcesBuildPhase section */
		415ACED91C1F0326003611B1 /* Sources */ = {
			isa = PBXSourcesBuildPhase;
			buildActionMask = 2147483647;
			files = (
				413773201C20ED9500B8F704 /* POService.swift in Sources */,
				41BA24601C205BEC00732871 /* ShadowView.swift in Sources */,
				414384801C220902005F2CD0 /* LocationService.swift in Sources */,
				41B3F3B61C1FBB3D0022FA34 /* NotificationViewController.swift in Sources */,
				4143847E1C21DAD2005F2CD0 /* CustomElement.swift in Sources */,
				4108526E1C22E3AF00860F02 /* Animation.swift in Sources */,
				4108526A1C22E17F00860F02 /* LoginViewController.swift in Sources */,
				41BA246E1C20BD1C00732871 /* OnboardingCollectionViewCell.swift in Sources */,
				4143846D1C215940005F2CD0 /* Weather.swift in Sources */,
				41B3F3B41C1FBB3D0022FA34 /* NotificationTableViewCell.swift in Sources */,
				41B3F3B91C1FBB3D0022FA34 /* HomeLayout.swift in Sources */,
				410852651C22B3E200860F02 /* Plants.swift in Sources */,
				41BA24721C20E1AA00732871 /* LocalStore.swift in Sources */,
				415ACEE11C1F0326003611B1 /* AppDelegate.swift in Sources */,
				414384751C21BCE9005F2CD0 /* AddPlantViewController.swift in Sources */,
				4108526C1C22E39400860F02 /* CustomTextField.swift in Sources */,
				41B3F3B31C1FBB3D0022FA34 /* HomeCollectionViewCell.swift in Sources */,
				414384841C222FDA005F2CD0 /* weatherIconFromString.swift in Sources */,
				41BA24621C2069FC00732871 /* GameCenterViewController.swift in Sources */,
				414384771C21C120005F2CD0 /* AddPlantCollectionViewCell.swift in Sources */,
				4143847C1C21C722005F2CD0 /* CreatePlantViewController.swift in Sources */,
				41B3F3B81C1FBB3D0022FA34 /* ViewController.swift in Sources */,
				41B3F3B71C1FBB3D0022FA34 /* StatusViewController.swift in Sources */,
				41B3F3B51C1FBB3D0022FA34 /* HomeViewController.swift in Sources */,
				41BA24681C20B37700732871 /* OnboardingViewController.swift in Sources */,
				413773241C20EF9C00B8F704 /* ValueForApiKey.swift in Sources */,
				41BA246A1C20B83500732871 /* Gradient.swift in Sources */,
				41B3F3BA1C1FBB3D0022FA34 /* NavigationBarIcon.swift in Sources */,
				410852731C22F45600860F02 /* PasswordForgotViewController.swift in Sources */,
				410852711C22F37C00860F02 /* SigninViewController.swift in Sources */,
				41BA24701C20BED000732871 /* Onboarding.swift in Sources */,
				41B3F3BB1C1FBB3D0022FA34 /* UIColorFromRGBA.swift in Sources */,
				414384821C2226D2005F2CD0 /* AlertView.swift in Sources */,
			);
			runOnlyForDeploymentPostprocessing = 0;
		};
/* End PBXSourcesBuildPhase section */

/* Begin PBXVariantGroup section */
		415ACEE41C1F0326003611B1 /* Main.storyboard */ = {
			isa = PBXVariantGroup;
			children = (
				415ACEE51C1F0326003611B1 /* Base */,
			);
			name = Main.storyboard;
			sourceTree = "<group>";
		};
		415ACEE91C1F0326003611B1 /* LaunchScreen.storyboard */ = {
			isa = PBXVariantGroup;
			children = (
				415ACEEA1C1F0326003611B1 /* Base */,
			);
			name = LaunchScreen.storyboard;
			sourceTree = "<group>";
		};
/* End PBXVariantGroup section */

/* Begin XCBuildConfiguration section */
		415ACEED1C1F0326003611B1 /* Debug */ = {
			isa = XCBuildConfiguration;
			buildSettings = {
				ALWAYS_SEARCH_USER_PATHS = NO;
				CLANG_CXX_LANGUAGE_STANDARD = "gnu++0x";
				CLANG_CXX_LIBRARY = "libc++";
				CLANG_ENABLE_MODULES = YES;
				CLANG_ENABLE_OBJC_ARC = YES;
				CLANG_WARN_BOOL_CONVERSION = YES;
				CLANG_WARN_CONSTANT_CONVERSION = YES;
				CLANG_WARN_DIRECT_OBJC_ISA_USAGE = YES_ERROR;
				CLANG_WARN_EMPTY_BODY = YES;
				CLANG_WARN_ENUM_CONVERSION = YES;
				CLANG_WARN_INT_CONVERSION = YES;
				CLANG_WARN_OBJC_ROOT_CLASS = YES_ERROR;
				CLANG_WARN_UNREACHABLE_CODE = YES;
				CLANG_WARN__DUPLICATE_METHOD_MATCH = YES;
				"CODE_SIGN_IDENTITY[sdk=iphoneos*]" = "iPhone Developer";
				COPY_PHASE_STRIP = NO;
				DEBUG_INFORMATION_FORMAT = dwarf;
				ENABLE_STRICT_OBJC_MSGSEND = YES;
				ENABLE_TESTABILITY = YES;
				GCC_C_LANGUAGE_STANDARD = gnu99;
				GCC_DYNAMIC_NO_PIC = NO;
				GCC_NO_COMMON_BLOCKS = YES;
				GCC_OPTIMIZATION_LEVEL = 0;
				GCC_PREPROCESSOR_DEFINITIONS = (
					"DEBUG=1",
					"$(inherited)",
				);
				GCC_WARN_64_TO_32_BIT_CONVERSION = YES;
				GCC_WARN_ABOUT_RETURN_TYPE = YES_ERROR;
				GCC_WARN_UNDECLARED_SELECTOR = YES;
				GCC_WARN_UNINITIALIZED_AUTOS = YES_AGGRESSIVE;
				GCC_WARN_UNUSED_FUNCTION = YES;
				GCC_WARN_UNUSED_VARIABLE = YES;
				IPHONEOS_DEPLOYMENT_TARGET = 9.0;
				MTL_ENABLE_DEBUG_INFO = YES;
				ONLY_ACTIVE_ARCH = YES;
				SDKROOT = iphoneos;
				SWIFT_OPTIMIZATION_LEVEL = "-Onone";
			};
			name = Debug;
		};
		415ACEEE1C1F0326003611B1 /* Release */ = {
			isa = XCBuildConfiguration;
			buildSettings = {
				ALWAYS_SEARCH_USER_PATHS = NO;
				CLANG_CXX_LANGUAGE_STANDARD = "gnu++0x";
				CLANG_CXX_LIBRARY = "libc++";
				CLANG_ENABLE_MODULES = YES;
				CLANG_ENABLE_OBJC_ARC = YES;
				CLANG_WARN_BOOL_CONVERSION = YES;
				CLANG_WARN_CONSTANT_CONVERSION = YES;
				CLANG_WARN_DIRECT_OBJC_ISA_USAGE = YES_ERROR;
				CLANG_WARN_EMPTY_BODY = YES;
				CLANG_WARN_ENUM_CONVERSION = YES;
				CLANG_WARN_INT_CONVERSION = YES;
				CLANG_WARN_OBJC_ROOT_CLASS = YES_ERROR;
				CLANG_WARN_UNREACHABLE_CODE = YES;
				CLANG_WARN__DUPLICATE_METHOD_MATCH = YES;
				"CODE_SIGN_IDENTITY[sdk=iphoneos*]" = "iPhone Developer";
				COPY_PHASE_STRIP = NO;
				DEBUG_INFORMATION_FORMAT = "dwarf-with-dsym";
				ENABLE_NS_ASSERTIONS = NO;
				ENABLE_STRICT_OBJC_MSGSEND = YES;
				GCC_C_LANGUAGE_STANDARD = gnu99;
				GCC_NO_COMMON_BLOCKS = YES;
				GCC_WARN_64_TO_32_BIT_CONVERSION = YES;
				GCC_WARN_ABOUT_RETURN_TYPE = YES_ERROR;
				GCC_WARN_UNDECLARED_SELECTOR = YES;
				GCC_WARN_UNINITIALIZED_AUTOS = YES_AGGRESSIVE;
				GCC_WARN_UNUSED_FUNCTION = YES;
				GCC_WARN_UNUSED_VARIABLE = YES;
				IPHONEOS_DEPLOYMENT_TARGET = 9.0;
				MTL_ENABLE_DEBUG_INFO = NO;
				SDKROOT = iphoneos;
				VALIDATE_PRODUCT = YES;
			};
			name = Release;
		};
		415ACEF01C1F0326003611B1 /* Debug */ = {
			isa = XCBuildConfiguration;
			baseConfigurationReference = BF82DD85B6E5378CC48B44E7 /* Pods-PlantApp.debug.xcconfig */;
			buildSettings = {
				ASSETCATALOG_COMPILER_APPICON_NAME = AppIcon;
				CODE_SIGN_ENTITLEMENTS = "PO Fleur.entitlements";
				CODE_SIGN_IDENTITY = "iPhone Developer";
				"CODE_SIGN_IDENTITY[sdk=iphoneos*]" = "iPhone Developer";
				INFOPLIST_FILE = PlantApp/Info.plist;
				IPHONEOS_DEPLOYMENT_TARGET = 9.0;
				LD_RUNPATH_SEARCH_PATHS = "$(inherited) @executable_path/Frameworks";
				PRODUCT_BUNDLE_IDENTIFIER = com.ravirajendran.PlantApp;
				PRODUCT_NAME = "PO Fleur";
				PROVISIONING_PROFILE = "";
			};
			name = Debug;
		};
		415ACEF11C1F0326003611B1 /* Release */ = {
			isa = XCBuildConfiguration;
			baseConfigurationReference = 9CBACC4E5908E3F89EA9AF81 /* Pods-PlantApp.release.xcconfig */;
			buildSettings = {
				ASSETCATALOG_COMPILER_APPICON_NAME = AppIcon;
				CODE_SIGN_ENTITLEMENTS = "PO Fleur.entitlements";
				CODE_SIGN_IDENTITY = "iPhone Developer";
				"CODE_SIGN_IDENTITY[sdk=iphoneos*]" = "iPhone Developer";
				INFOPLIST_FILE = PlantApp/Info.plist;
				IPHONEOS_DEPLOYMENT_TARGET = 9.0;
				LD_RUNPATH_SEARCH_PATHS = "$(inherited) @executable_path/Frameworks";
				PRODUCT_BUNDLE_IDENTIFIER = com.ravirajendran.PlantApp;
				PRODUCT_NAME = "PO Fleur";
				PROVISIONING_PROFILE = "";
			};
			name = Release;
		};
/* End XCBuildConfiguration section */

/* Begin XCConfigurationList section */
		415ACED81C1F0326003611B1 /* Build configuration list for PBXProject "PO Fleur" */ = {
			isa = XCConfigurationList;
			buildConfigurations = (
				415ACEED1C1F0326003611B1 /* Debug */,
				415ACEEE1C1F0326003611B1 /* Release */,
			);
			defaultConfigurationIsVisible = 0;
			defaultConfigurationName = Release;
		};
		415ACEEF1C1F0326003611B1 /* Build configuration list for PBXNativeTarget "PO Fleur" */ = {
			isa = XCConfigurationList;
			buildConfigurations = (
				415ACEF01C1F0326003611B1 /* Debug */,
				415ACEF11C1F0326003611B1 /* Release */,
			);
			defaultConfigurationIsVisible = 0;
			defaultConfigurationName = Release;
		};
/* End XCConfigurationList section */
	};
	rootObject = 415ACED51C1F0326003611B1 /* Project object */;
}
